
Microsoft Visual Studio Solution File, Format Version 12.00
# Visual Studio Version 17
VisualStudioVersion = 17.0.32112.339
MinimumVisualStudioVersion = 10.0.40219.1
Project("{FAE04EC0-301F-11D3-BF4B-00C04F79EFBC}") = "Contacto", "Contacto.csproj", "{DFC50786-5CB3-48CA-BE90-A227733D1B93}"
EndProject
Global
	GlobalSection(SolutionConfigurationPlatforms) = preSolution
		Debug|Any CPU = Debug|Any CPU
		Release|Any CPU = Release|Any CPU
	EndGlobalSection
	GlobalSection(ProjectConfigurationPlatforms) = postSolution
		{DFC50786-5CB3-48CA-BE90-A227733D1B93}.Debug|Any CPU.ActiveCfg = Debug|Any CPU
		{DFC50786-5CB3-48CA-BE90-A227733D1B93}.Debug|Any CPU.Build.0 = Debug|Any CPU
		{DFC50786-5CB3-48CA-BE90-A227733D1B93}.Release|Any CPU.ActiveCfg = Release|Any CPU
		{DFC50786-5CB3-48CA-BE90-A227733D1B93}.Release|Any CPU.Build.0 = Release|Any CPU
	EndGlobalSection
	GlobalSection(SolutionProperties) = preSolution
		HideSolutionNode = FALSE
	EndGlobalSection
	GlobalSection(ExtensibilityGlobals) = postSolution
		SolutionGuid = {CA23357D-239A-4976-8CE8-984A3CF4AA6D}
	EndGlobalSection
EndGlobal
